
Microsoft Visual Studio Solution File, Format Version 12.00
# Visual Studio Version 18
VisualStudioVersion = 18.6.11819.183 stable
MinimumVisualStudioVersion = 10.0.40219.1
Project("{FAE04EC0-301F-11D3-BF4B-00C04F79EFBC}") = "DisasterAlert", "DisasterAlert.csproj", "{FECED552-B24D-0444-DF53-5D5781EEC183}"
EndProject
Global
	GlobalSection(SolutionConfigurationPlatforms) = preSolution
		Debug|Any CPU = Debug|Any CPU
		Release|Any CPU = Release|Any CPU
	EndGlobalSection
	GlobalSection(ProjectConfigurationPlatforms) = postSolution
		{FECED552-B24D-0444-DF53-5D5781EEC183}.Debug|Any CPU.ActiveCfg = Debug|Any CPU
		{FECED552-B24D-0444-DF53-5D5781EEC183}.Debug|Any CPU.Build.0 = Debug|Any CPU
		{FECED552-B24D-0444-DF53-5D5781EEC183}.Release|Any CPU.ActiveCfg = Release|Any CPU
		{FECED552-B24D-0444-DF53-5D5781EEC183}.Release|Any CPU.Build.0 = Release|Any CPU
	EndGlobalSection
	GlobalSection(SolutionProperties) = preSolution
		HideSolutionNode = FALSE
	EndGlobalSection
	GlobalSection(ExtensibilityGlobals) = postSolution
		SolutionGuid = {C7853A33-81DB-4D92-8373-A1CA85F7CA1E}
	EndGlobalSection
EndGlobal
